<?xml version="1.0" encoding="utf-8"?>
<Project ToolsVersion="4.0" xmlns="http://schemas.microsoft.com/developer/msbuild/2003">
  <ItemGroup>
    <Filter Include="Third Party">
      <UniqueIdentifier>{8df8caa2-173c-4532-a98f-9ae40d27c822}</UniqueIdentifier>
    </Filter>
    <Filter Include="Third Party\glew">
      <UniqueIdentifier>{cdfe9e6b-761f-4fca-8fdb-f642683d05ce}</UniqueIdentifier>
    </Filter>
    <Filter Include="Platform">
      <UniqueIdentifier>{4FC737F1-C7A5-4376-A066-2A32D752A2FF}</UniqueIdentifier>
      <Extensions>cpp;c;cc;cxx;c++;cppm;ixx;def;odl;idl;hpj;bat;asm;asmx</Extensions>
    </Filter>
    <Filter Include="Shared">
      <UniqueIdentifier>{89aaed03-97a6-4bd3-b7aa-f8ef4147a63a}</UniqueIdentifier>
    </Filter>
  </ItemGroup>
  <ItemGroup>
    <ClCompile Include="..\..\source\windows\main.cpp">
      <Filter>Platform</Filter>
    </ClCompile>
    <ClCompile Include="..\..\source\shared\Camera.cpp">
      <Filter>Shared</Filter>
    </ClCompile>
    <ClCompile Include="..\..\source\shared\Core.cpp">
      <Filter>Shared</Filter>
    </ClCompile>
    <ClCompile Include="..\..\source\shared\EntityPool.cpp">
      <Filter>Shared</Filter>
    </ClCompile>
    <ClCompile Include="..\..\source\shared\ExampleScene.cpp">
      <Filter>Shared</Filter>
    </ClCompile>
    <ClCompile Include="..\..\source\shared\MeshGenerator.cpp">
      <Filter>Shared</Filter>
    </ClCompile>
    <ClCompile Include="..\..\source\shared\RenderCommandHandler.cpp">
      <Filter>Shared</Filter>
    </ClCompile>
    <ClCompile Include="..\..\source\shared\RenderQueue.cpp">
      <Filter>Shared</Filter>
    </ClCompile>
    <ClCompile Include="..\..\source\shared\Resource.cpp">
      <Filter>Shared</Filter>
    </ClCompile>
    <ClCompile Include="..\..\source\shared\SceneManager.cpp">
      <Filter>Shared</Filter>
    </ClCompile>
    <ClCompile Include="..\..\source\shared\SceneRegistrations.cpp">
      <Filter>Shared</Filter>
    </ClCompile>
    <ClCompile Include="..\..\source\shared\Stopwatch.cpp">
      <Filter>Shared</Filter>
    </ClCompile>
    <ClCompile Include="..\..\dependencies\glew-2.1.0\src\glew.c">
      <Filter>Third Party\glew</Filter>
    </ClCompile>
    <ClCompile Include="..\..\source\windows\Input.cpp">
      <Filter>Platform</Filter>
    </ClCompile>
    <ClCompile Include="..\..\source\windows\Directory.cpp">
      <Filter>Platform</Filter>
    </ClCompile>
    <ClCompile Include="..\..\source\windows\File.cpp">
      <Filter>Platform</Filter>
    </ClCompile>
    <ClCompile Include="..\..\source\windows\Screen.cpp">
      <Filter>Platform</Filter>
    </ClCompile>
    <ClCompile Include="..\..\source\windows\Debug.cpp">
      <Filter>Platform</Filter>
    </ClCompile>
    <ClCompile Include="..\..\source\windows\PlatformDetector.cpp">
      <Filter>Platform</Filter>
    </ClCompile>
    <ClCompile Include="..\..\source\windows\Graphics.cpp">
      <Filter>Platform</Filter>
    </ClCompile>
    <ClCompile Include="..\..\source\windows\OpenGL.cpp">
      <Filter>Platform</Filter>
    </ClCompile>
    <ClCompile Include="..\..\source\shared\Timer.cpp">
      <Filter>Shared</Filter>
    </ClCompile>
    <ClCompile Include="..\..\source\windows\DirectX11.cpp">
      <Filter>Platform</Filter>
    </ClCompile>
  </ItemGroup>
  <ItemGroup>
    <ClInclude Include="..\..\source\shared\Camera.h">
      <Filter>Shared</Filter>
    </ClInclude>
    <ClInclude Include="..\..\source\shared\Color.h">
      <Filter>Shared</Filter>
    </ClInclude>
    <ClInclude Include="..\..\source\shared\Component.h">
      <Filter>Shared</Filter>
    </ClInclude>
    <ClInclude Include="..\..\source\shared\Core.h">
      <Filter>Shared</Filter>
    </ClInclude>
    <ClInclude Include="..\..\source\shared\Debug.h">
      <Filter>Shared</Filter>
    </ClInclude>
    <ClInclude Include="..\..\source\shared\Entity.h">
      <Filter>Shared</Filter>
    </ClInclude>
    <ClInclude Include="..\..\source\shared\EntityPool.h">
      <Filter>Shared</Filter>
    </ClInclude>
    <ClInclude Include="..\..\source\shared\ExampleScene.h">
      <Filter>Shared</Filter>
    </ClInclude>
    <ClInclude Include="..\..\source\shared\GraphicsAPI.h">
      <Filter>Shared</Filter>
    </ClInclude>
    <ClInclude Include="..\..\source\shared\Graphics.h">
      <Filter>Shared</Filter>
    </ClInclude>
    <ClInclude Include="..\..\source\shared\Input.h">
      <Filter>Shared</Filter>
    </ClInclude>
    <ClInclude Include="..\..\source\shared\Iterator.h">
      <Filter>Shared</Filter>
    </ClInclude>
    <ClInclude Include="..\..\source\shared\List.h">
      <Filter>Shared</Filter>
    </ClInclude>
    <ClInclude Include="..\..\source\shared\Material.h">
      <Filter>Shared</Filter>
    </ClInclude>
    <ClInclude Include="..\..\source\shared\Calc.h">
      <Filter>Shared</Filter>
    </ClInclude>
    <ClInclude Include="..\..\source\shared\Matrix4.h">
      <Filter>Shared</Filter>
    </ClInclude>
    <ClInclude Include="..\..\source\shared\Mesh.h">
      <Filter>Shared</Filter>
    </ClInclude>
    <ClInclude Include="..\..\source\shared\MeshData.h">
      <Filter>Shared</Filter>
    </ClInclude>
    <ClInclude Include="..\..\source\shared\MeshGenerator.h">
      <Filter>Shared</Filter>
    </ClInclude>
    <ClInclude Include="..\..\source\shared\Platform.h">
      <Filter>Shared</Filter>
    </ClInclude>
    <ClInclude Include="..\..\source\shared\PlatformDetector.h">
      <Filter>Shared</Filter>
    </ClInclude>
    <ClInclude Include="..\..\source\shared\RenderCommand.h">
      <Filter>Shared</Filter>
    </ClInclude>
    <ClInclude Include="..\..\source\shared\RenderCommandHandler.h">
      <Filter>Shared</Filter>
    </ClInclude>
    <ClInclude Include="..\..\source\shared\Renderer.h">
      <Filter>Shared</Filter>
    </ClInclude>
    <ClInclude Include="..\..\source\shared\RenderQueue.h">
      <Filter>Shared</Filter>
    </ClInclude>
    <ClInclude Include="..\..\source\shared\Resource.h">
      <Filter>Shared</Filter>
    </ClInclude>
    <ClInclude Include="..\..\source\shared\Scene.h">
      <Filter>Shared</Filter>
    </ClInclude>
    <ClInclude Include="..\..\source\shared\SceneManager.h">
      <Filter>Shared</Filter>
    </ClInclude>
    <ClInclude Include="..\..\source\shared\Shader.h">
      <Filter>Shared</Filter>
    </ClInclude>
    <ClInclude Include="..\..\source\shared\Stopwatch.h">
      <Filter>Shared</Filter>
    </ClInclude>
    <ClInclude Include="..\..\source\shared\Texture.h">
      <Filter>Shared</Filter>
    </ClInclude>
    <ClInclude Include="..\..\source\shared\Transform.h">
      <Filter>Shared</Filter>
    </ClInclude>
    <ClInclude Include="..\..\source\shared\Types.h">
      <Filter>Shared</Filter>
    </ClInclude>
    <ClInclude Include="..\..\source\shared\UserDefinedTypes.h">
      <Filter>Shared</Filter>
    </ClInclude>
    <ClInclude Include="..\..\source\shared\Vector2.h">
      <Filter>Shared</Filter>
    </ClInclude>
    <ClInclude Include="..\..\source\shared\Vector3.h">
      <Filter>Shared</Filter>
    </ClInclude>
    <ClInclude Include="..\..\source\shared\Directory.h">
      <Filter>Shared</Filter>
    </ClInclude>
    <ClInclude Include="..\..\source\shared\File.h">
      <Filter>Shared</Filter>
    </ClInclude>
    <ClInclude Include="..\..\source\shared\Screen.h">
      <Filter>Shared</Filter>
    </ClInclude>
    <ClInclude Include="..\..\source\shared\Light.h">
      <Filter>Shared</Filter>
    </ClInclude>
    <ClInclude Include="..\..\source\windows\OpenGL.h">
      <Filter>Platform</Filter>
    </ClInclude>
    <ClInclude Include="..\..\source\shared\Timer.h">
      <Filter>Shared</Filter>
    </ClInclude>
    <ClInclude Include="..\..\source\windows\DirectX11.h">
      <Filter>Platform</Filter>
    </ClInclude>
    <ClInclude Include="..\..\source\shared\Config.h">
      <Filter>Shared</Filter>
    </ClInclude>
  </ItemGroup>
</Project>