<?xml version="1.0" encoding="utf-8"?>
<Project ToolsVersion="4.0" xmlns="http://schemas.microsoft.com/developer/msbuild/2003">
  <ItemGroup>
    <Filter Include="Engine">
      <UniqueIdentifier>{4FC737F1-C7A5-4376-A066-2A32D752A2FF}</UniqueIdentifier>
      <Extensions>cpp;c;cc;cxx;c++;cppm;ixx;def;odl;idl;hpj;bat;asm;asmx</Extensions>
    </Filter>
    <Filter Include="Engine\Game Layer">
      <UniqueIdentifier>{842786d3-217e-4ca5-bc08-443eb47f79e2}</UniqueIdentifier>
    </Filter>
    <Filter Include="Engine\Game Layer\Gameplay Foundation">
      <UniqueIdentifier>{c350dc56-9c5f-496a-a66d-ff11fcd6cc19}</UniqueIdentifier>
    </Filter>
    <Filter Include="Engine\Game Layer\Gameplay Foundation\Entities">
      <UniqueIdentifier>{92ae6cd5-ba7d-4635-98c1-e0035aaa1bcb}</UniqueIdentifier>
    </Filter>
    <Filter Include="Engine\Game Layer\Gameplay Foundation\Components">
      <UniqueIdentifier>{3ff03da3-8664-47c6-9a9d-a5e8743a10a1}</UniqueIdentifier>
    </Filter>
    <Filter Include="Engine\Game Layer\Low-Level Renderer">
      <UniqueIdentifier>{9c3179cf-e12c-48b3-97f3-f9b239f0eac0}</UniqueIdentifier>
    </Filter>
    <Filter Include="Engine\Core Systems">
      <UniqueIdentifier>{55c8f065-a1ed-4948-a773-26731680801c}</UniqueIdentifier>
    </Filter>
    <Filter Include="Engine\Platform Independence Layer">
      <UniqueIdentifier>{fc396cc0-5303-4ca5-b88e-5e74beb68219}</UniqueIdentifier>
    </Filter>
    <Filter Include="Engine\Platform Independence Layer\File System">
      <UniqueIdentifier>{7c29a1cf-d1a4-422f-a226-8c1f70d4754d}</UniqueIdentifier>
    </Filter>
    <Filter Include="Engine\Platform Independence Layer\Data Types">
      <UniqueIdentifier>{2c1247c3-fcce-491a-b998-745e5ea06a18}</UniqueIdentifier>
    </Filter>
    <Filter Include="Engine\Platform Independence Layer\Timer">
      <UniqueIdentifier>{4e3db151-5211-41bd-ae64-4f00d5532e35}</UniqueIdentifier>
    </Filter>
    <Filter Include="Engine\Resource Management">
      <UniqueIdentifier>{625c7ef8-87fa-46a9-956e-65c33a7d1b77}</UniqueIdentifier>
    </Filter>
    <Filter Include="Example">
      <UniqueIdentifier>{2f34e853-d0fc-4f31-bcb8-1395c1d0c7a5}</UniqueIdentifier>
    </Filter>
    <Filter Include="Engine\Platform Independence Layer\Collections and Iterators">
      <UniqueIdentifier>{fc9d2fbe-6355-4a9f-9eea-b59d89c8fedd}</UniqueIdentifier>
    </Filter>
    <Filter Include="Engine\Platform Independence Layer\Platform Detection">
      <UniqueIdentifier>{ea6ee84e-ec15-49b0-8d67-f18aa1124584}</UniqueIdentifier>
    </Filter>
    <Filter Include="Engine\Core Systems\Math">
      <UniqueIdentifier>{865ad840-006c-49ab-9346-f96a598d04a5}</UniqueIdentifier>
    </Filter>
    <Filter Include="Engine\Core Systems\Debug">
      <UniqueIdentifier>{a1591100-082e-4637-a800-0f55e9bf2876}</UniqueIdentifier>
    </Filter>
    <Filter Include="Engine\Platform Independence Layer\Window">
      <UniqueIdentifier>{85c749e4-a7d0-43cb-aa16-57dedc00fe47}</UniqueIdentifier>
    </Filter>
    <Filter Include="Engine\Platform Independence Layer\Graphics">
      <UniqueIdentifier>{4841e73a-a3d2-47c8-9a2e-7240b1163266}</UniqueIdentifier>
    </Filter>
    <Filter Include="Engine\Platform Independence Layer\Human Interface Devices">
      <UniqueIdentifier>{30dd679b-63e6-4506-a5d9-1390dc0081de}</UniqueIdentifier>
    </Filter>
  </ItemGroup>
  <ItemGroup>
    <ClCompile Include="FileManager.cpp">
      <Filter>Engine\Platform Independence Layer\File System</Filter>
    </ClCompile>
    <ClCompile Include="DirectoryManager.cpp">
      <Filter>Engine\Platform Independence Layer\File System</Filter>
    </ClCompile>
    <ClCompile Include="MeshGenerator.cpp">
      <Filter>Engine\Game Layer\Gameplay Foundation</Filter>
    </ClCompile>
    <ClCompile Include="GraphicsWrapper.cpp">
      <Filter>Engine\Platform Independence Layer\Graphics</Filter>
    </ClCompile>
    <ClCompile Include="OpenGL.cpp">
      <Filter>Engine\Platform Independence Layer\Graphics</Filter>
    </ClCompile>
    <ClCompile Include="Time.cpp">
      <Filter>Engine\Platform Independence Layer\Timer</Filter>
    </ClCompile>
    <ClCompile Include="Camera.cpp">
      <Filter>Engine\Game Layer\Low-Level Renderer</Filter>
    </ClCompile>
    <ClCompile Include="SceneManager.cpp">
      <Filter>Engine\Resource Management</Filter>
    </ClCompile>
    <ClCompile Include="EntityPool.cpp">
      <Filter>Engine\Game Layer\Gameplay Foundation\Entities</Filter>
    </ClCompile>
    <ClCompile Include="SceneRegistrations.cpp">
      <Filter>Example</Filter>
    </ClCompile>
    <ClCompile Include="ExampleScene.cpp">
      <Filter>Example</Filter>
    </ClCompile>
    <ClCompile Include="PlatformDetector.cpp">
      <Filter>Engine\Platform Independence Layer\Platform Detection</Filter>
    </ClCompile>
    <ClCompile Include="Stopwatch.cpp">
      <Filter>Engine\Platform Independence Layer\Timer</Filter>
    </ClCompile>
    <ClCompile Include="RenderQueue.cpp">
      <Filter>Engine\Platform Independence Layer\Graphics</Filter>
    </ClCompile>
    <ClCompile Include="RenderCommandHandler.cpp">
      <Filter>Engine\Game Layer\Low-Level Renderer</Filter>
    </ClCompile>
    <ClCompile Include="Resource.cpp">
      <Filter>Engine\Resource Management</Filter>
    </ClCompile>
    <ClCompile Include="Core.cpp">
      <Filter>Engine\Core Systems</Filter>
    </ClCompile>
    <ClCompile Include="main.cpp" />
    <ClCompile Include="Debug.cpp">
      <Filter>Engine\Core Systems\Debug</Filter>
    </ClCompile>
    <ClCompile Include="WindowWrapper.cpp">
      <Filter>Engine\Platform Independence Layer\Window</Filter>
    </ClCompile>
    <ClCompile Include="DesktopWindow.cpp">
      <Filter>Engine\Platform Independence Layer\Window</Filter>
    </ClCompile>
    <ClCompile Include="DesktopInput.cpp">
      <Filter>Engine\Platform Independence Layer\Human Interface Devices</Filter>
    </ClCompile>
    <ClCompile Include="Input.cpp">
      <Filter>Engine\Platform Independence Layer\Human Interface Devices</Filter>
    </ClCompile>
  </ItemGroup>
  <ItemGroup>
    <ClInclude Include="MeshGenerator.h">
      <Filter>Engine\Game Layer\Gameplay Foundation</Filter>
    </ClInclude>
    <ClInclude Include="Camera.h">
      <Filter>Engine\Game Layer\Low-Level Renderer</Filter>
    </ClInclude>
    <ClInclude Include="DirectoryManager.h">
      <Filter>Engine\Platform Independence Layer\File System</Filter>
    </ClInclude>
    <ClInclude Include="FileManager.h">
      <Filter>Engine\Platform Independence Layer\File System</Filter>
    </ClInclude>
    <ClInclude Include="GraphicsAPI.h">
      <Filter>Engine\Platform Independence Layer\Graphics</Filter>
    </ClInclude>
    <ClInclude Include="GraphicsWrapper.h">
      <Filter>Engine\Platform Independence Layer\Graphics</Filter>
    </ClInclude>
    <ClInclude Include="OpenGL.h">
      <Filter>Engine\Platform Independence Layer\Graphics</Filter>
    </ClInclude>
    <ClInclude Include="Time.h">
      <Filter>Engine\Platform Independence Layer\Timer</Filter>
    </ClInclude>
    <ClInclude Include="Scene.h">
      <Filter>Engine\Resource Management</Filter>
    </ClInclude>
    <ClInclude Include="SceneManager.h">
      <Filter>Engine\Resource Management</Filter>
    </ClInclude>
    <ClInclude Include="Entity.h">
      <Filter>Engine\Game Layer\Gameplay Foundation\Entities</Filter>
    </ClInclude>
    <ClInclude Include="EntityPool.h">
      <Filter>Engine\Game Layer\Gameplay Foundation\Entities</Filter>
    </ClInclude>
    <ClInclude Include="Texture.h">
      <Filter>Engine\Game Layer\Low-Level Renderer</Filter>
    </ClInclude>
    <ClInclude Include="Material.h">
      <Filter>Engine\Game Layer\Low-Level Renderer</Filter>
    </ClInclude>
    <ClInclude Include="MeshData.h">
      <Filter>Engine\Game Layer\Gameplay Foundation\Components</Filter>
    </ClInclude>
    <ClInclude Include="Component.h">
      <Filter>Engine\Game Layer\Gameplay Foundation\Components</Filter>
    </ClInclude>
    <ClInclude Include="Transform.h">
      <Filter>Engine\Game Layer\Gameplay Foundation\Entities</Filter>
    </ClInclude>
    <ClInclude Include="Renderer.h">
      <Filter>Engine\Game Layer\Gameplay Foundation\Components</Filter>
    </ClInclude>
    <ClInclude Include="ExampleScene.h">
      <Filter>Example</Filter>
    </ClInclude>
    <ClInclude Include="List.h">
      <Filter>Engine\Platform Independence Layer\Collections and Iterators</Filter>
    </ClInclude>
    <ClInclude Include="Iterator.h">
      <Filter>Engine\Platform Independence Layer\Collections and Iterators</Filter>
    </ClInclude>
    <ClInclude Include="PlatformDetector.h">
      <Filter>Engine\Platform Independence Layer\Platform Detection</Filter>
    </ClInclude>
    <ClInclude Include="Platform.h">
      <Filter>Engine\Platform Independence Layer\Platform Detection</Filter>
    </ClInclude>
    <ClInclude Include="Stopwatch.h">
      <Filter>Engine\Platform Independence Layer\Timer</Filter>
    </ClInclude>
    <ClInclude Include="RenderQueue.h">
      <Filter>Engine\Platform Independence Layer\Graphics</Filter>
    </ClInclude>
    <ClInclude Include="RenderCommand.h">
      <Filter>Engine\Platform Independence Layer\Graphics</Filter>
    </ClInclude>
    <ClInclude Include="RenderCommandHandler.h">
      <Filter>Engine\Game Layer\Low-Level Renderer</Filter>
    </ClInclude>
    <ClInclude Include="Shader.h">
      <Filter>Engine\Game Layer\Low-Level Renderer</Filter>
    </ClInclude>
    <ClInclude Include="Resource.h">
      <Filter>Engine\Resource Management</Filter>
    </ClInclude>
    <ClInclude Include="Types.h">
      <Filter>Engine\Platform Independence Layer\Data Types</Filter>
    </ClInclude>
    <ClInclude Include="Core.h">
      <Filter>Engine\Core Systems</Filter>
    </ClInclude>
    <ClInclude Include="Math.h">
      <Filter>Engine\Core Systems\Math</Filter>
    </ClInclude>
    <ClInclude Include="Matrix4.h">
      <Filter>Engine\Core Systems\Math</Filter>
    </ClInclude>
    <ClInclude Include="Vector2.h">
      <Filter>Engine\Core Systems\Math</Filter>
    </ClInclude>
    <ClInclude Include="Vector3.h">
      <Filter>Engine\Core Systems\Math</Filter>
    </ClInclude>
    <ClInclude Include="Debug.h">
      <Filter>Engine\Core Systems\Debug</Filter>
    </ClInclude>
    <ClInclude Include="Mesh.h">
      <Filter>Engine\Game Layer\Low-Level Renderer</Filter>
    </ClInclude>
    <ClInclude Include="Color.h">
      <Filter>Engine\Game Layer\Low-Level Renderer</Filter>
    </ClInclude>
    <ClInclude Include="WindowWrapper.h">
      <Filter>Engine\Platform Independence Layer\Window</Filter>
    </ClInclude>
    <ClInclude Include="Window.h">
      <Filter>Engine\Platform Independence Layer\Window</Filter>
    </ClInclude>
    <ClInclude Include="DesktopWindow.h">
      <Filter>Engine\Platform Independence Layer\Window</Filter>
    </ClInclude>
    <ClInclude Include="UserDefinedTypes.h">
      <Filter>Engine\Platform Independence Layer\Data Types</Filter>
    </ClInclude>
    <ClInclude Include="Input.h">
      <Filter>Engine\Platform Independence Layer\Human Interface Devices</Filter>
    </ClInclude>
    <ClInclude Include="IPlatformInput.h">
      <Filter>Engine\Platform Independence Layer\Human Interface Devices</Filter>
    </ClInclude>
    <ClInclude Include="DesktopInput.h">
      <Filter>Engine\Platform Independence Layer\Human Interface Devices</Filter>
    </ClInclude>
  </ItemGroup>
</Project>